
Microsoft Visual Studio Solution File, Format Version 12.00
# Visual Studio Version 17
VisualStudioVersion = 17.1.32319.34
MinimumVisualStudioVersion = 10.0.40219.1
Project("{9A19103F-16F7-4668-BE54-9A1E7A4F7556}") = "BlazorEcommerce.Server", "BlazorEcommerce\Server\BlazorEcommerce.Server.csproj", "{74537044-58C4-4AB5-8894-48F40E8D6880}"
EndProject
Project("{9A19103F-16F7-4668-BE54-9A1E7A4F7556}") = "BlazorEcommerce.Client", "BlazorEcommerce\Client\BlazorEcommerce.Client.csproj", "{60AF5E13-53ED-4557-8FAE-42BB81B1ADC5}"
EndProject
Project("{9A19103F-16F7-4668-BE54-9A1E7A4F7556}") = "BlazorEcommerce.Shared", "BlazorEcommerce\Shared\BlazorEcommerce.Shared.csproj", "{8A5FAF72-24D8-444D-B360-DFCF5AAB7454}"
EndProject
Global
	GlobalSection(SolutionConfigurationPlatforms) = preSolution
		Debug|Any CPU = Debug|Any CPU
		Release|Any CPU = Release|Any CPU
	EndGlobalSection
	GlobalSection(ProjectConfigurationPlatforms) = postSolution
		{74537044-58C4-4AB5-8894-48F40E8D6880}.Debug|Any CPU.ActiveCfg = Debug|Any CPU
		{74537044-58C4-4AB5-8894-48F40E8D6880}.Debug|Any CPU.Build.0 = Debug|Any CPU
		{74537044-58C4-4AB5-8894-48F40E8D6880}.Release|Any CPU.ActiveCfg = Release|Any CPU
		{74537044-58C4-4AB5-8894-48F40E8D6880}.Release|Any CPU.Build.0 = Release|Any CPU
		{60AF5E13-53ED-4557-8FAE-42BB81B1ADC5}.Debug|Any CPU.ActiveCfg = Debug|Any CPU
		{60AF5E13-53ED-4557-8FAE-42BB81B1ADC5}.Debug|Any CPU.Build.0 = Debug|Any CPU
		{60AF5E13-53ED-4557-8FAE-42BB81B1ADC5}.Release|Any CPU.ActiveCfg = Release|Any CPU
		{60AF5E13-53ED-4557-8FAE-42BB81B1ADC5}.Release|Any CPU.Build.0 = Release|Any CPU
		{8A5FAF72-24D8-444D-B360-DFCF5AAB7454}.Debug|Any CPU.ActiveCfg = Debug|Any CPU
		{8A5FAF72-24D8-444D-B360-DFCF5AAB7454}.Debug|Any CPU.Build.0 = Debug|Any CPU
		{8A5FAF72-24D8-444D-B360-DFCF5AAB7454}.Release|Any CPU.ActiveCfg = Release|Any CPU
		{8A5FAF72-24D8-444D-B360-DFCF5AAB7454}.Release|Any CPU.Build.0 = Release|Any CPU
	EndGlobalSection
	GlobalSection(SolutionProperties) = preSolution
		HideSolutionNode = FALSE
	EndGlobalSection
	GlobalSection(ExtensibilityGlobals) = postSolution
		SolutionGuid = {B19495B1-E861-4A14-9FDF-BC51B064375E}
	EndGlobalSection
EndGlobal
